{
  "name": "fet",
  "version": "1.0.0",
  "lockfileVersion": 2,
  "requires": true,
  "packages": {
    "": {
      "name": "fet",
      "version": "1.0.0",
      "license": "ISC",
      "dependencies": {
        "is-weekend": "^1.0.0"
      }
    },
    "node_modules/is-weekend": {
      "version": "1.0.0",
      "resolved": "https://registry.npmjs.org/is-weekend/-/is-weekend-1.0.0.tgz",
      "integrity": "sha1-kExvWE/zLZypuVPRcxlcfj1v7HM=",
      "bin": {
        "is-weekend": "cli.js"
      },
      "engines": {
        "node": ">=0.10.0"
      }
    }
  },
  "dependencies": {
    "is-weekend": {
      "version": "1.0.0",
      "resolved": "https://registry.npmjs.org/is-weekend/-/is-weekend-1.0.0.tgz",
      "integrity": "sha1-kExvWE/zLZypuVPRcxlcfj1v7HM="
    }
  }
}
